// !$*UTF8*$!
{
	archiveVersion = 1;
	classes = {
	};
	objectVersion = 77;
	objects = {

/* Begin PBXContainerItemProxy section */
		347F01522D0A2EA7001BD054 /* PBXContainerItemProxy */ = {
			isa = PBXContainerItemProxy;
			containerPortal = 347F01392D0A2EA5001BD054 /* Project object */;
			proxyType = 1;
			remoteGlobalIDString = 347F01402D0A2EA5001BD054;
			remoteInfo = LokeRecipes;
		};
		347F015C2D0A2EA7001BD054 /* PBXContainerItemProxy */ = {
			isa = PBXContainerItemProxy;
			containerPortal = 347F01392D0A2EA5001BD054 /* Project object */;
			proxyType = 1;
			remoteGlobalIDString = 347F01402D0A2EA5001BD054;
			remoteInfo = LokeRecipes;
		};
/* End PBXContainerItemProxy section */

/* Begin PBXFileReference section */
		347F01412D0A2EA5001BD054 /* LokeRecipes.app */ = {isa = PBXFileReference; explicitFileType = wrapper.application; includeInIndex = 0; path = LokeRecipes.app; sourceTree = BUILT_PRODUCTS_DIR; };
		347F01512D0A2EA6001BD054 /* LokeRecipesTests.xctest */ = {isa = PBXFileReference; explicitFileType = wrapper.cfbundle; includeInIndex = 0; path = LokeRecipesTests.xctest; sourceTree = BUILT_PRODUCTS_DIR; };
		347F015B2D0A2EA7001BD054 /* LokeRecipesUITests.xctest */ = {isa = PBXFileReference; explicitFileType = wrapper.cfbundle; includeInIndex = 0; path = LokeRecipesUITests.xctest; sourceTree = BUILT_PRODUCTS_DIR; };
/* End PBXFileReference section */

/* Begin PBXFileSystemSynchronizedRootGroup section */
		347F01432D0A2EA5001BD054 /* LokeRecipes */ = {
			isa = PBXFileSystemSynchronizedRootGroup;
			path = LokeRecipes;
			sourceTree = "<group>";
		};
		347F01542D0A2EA7001BD054 /* LokeRecipesTests */ = {
			isa = PBXFileSystemSynchronizedRootGroup;
			path = LokeRecipesTests;
			sourceTree = "<group>";
		};
		347F015E2D0A2EA7001BD054 /* LokeRecipesUITests */ = {
			isa = PBXFileSystemSynchronizedRootGroup;
			path = LokeRecipesUITests;
			sourceTree = "<group>";
		};
/* End PBXFileSystemSynchronizedRootGroup section */

/* Begin PBXFrameworksBuildPhase section */
		347F013E2D0A2EA5001BD054 /* Frameworks */ = {
			isa = PBXFrameworksBuildPhase;
			buildActionMask = 2147483647;
			files = (
			);
			runOnlyForDeploymentPostprocessing = 0;
		};
		347F014E2D0A2EA6001BD054 /* Frameworks */ = {
			isa = PBXFrameworksBuildPhase;
			buildActionMask = 2147483647;
			files = (
			);
			runOnlyForDeploymentPostprocessing = 0;
		};
		347F01582D0A2EA7001BD054 /* Frameworks */ = {
			isa = PBXFrameworksBuildPhase;
			buildActionMask = 2147483647;
			files = (
			);
			runOnlyForDeploymentPostprocessing = 0;
		};
/* End PBXFrameworksBuildPhase section */

/* Begin PBXGroup section */
		347F01382D0A2EA5001BD054 = {
			isa = PBXGroup;
			children = (
				347F01432D0A2EA5001BD054 /* LokeRecipes */,
				347F01542D0A2EA7001BD054 /* LokeRecipesTests */,
				347F015E2D0A2EA7001BD054 /* LokeRecipesUITests */,
				347F01422D0A2EA5001BD054 /* Products */,
			);
			sourceTree = "<group>";
		};
		347F01422D0A2EA5001BD054 /* Products */ = {
			isa = PBXGroup;
			children = (
				347F01412D0A2EA5001BD054 /* LokeRecipes.app */,
				347F01512D0A2EA6001BD054 /* LokeRecipesTests.xctest */,
				347F015B2D0A2EA7001BD054 /* LokeRecipesUITests.xctest */,
			);
			name = Products;
			sourceTree = "<group>";
		};
/* End PBXGroup section */

/* Begin PBXNativeTarget section */
		347F01402D0A2EA5001BD054 /* LokeRecipes */ = {
			isa = PBXNativeTarget;
			buildConfigurationList = 347F01652D0A2EA7001BD054 /* Build configuration list for PBXNativeTarget "LokeRecipes" */;
			buildPhases = (
				347F013D2D0A2EA5001BD054 /* Sources */,
				347F013E2D0A2EA5001BD054 /* Frameworks */,
				347F013F2D0A2EA5001BD054 /* Resources */,
			);
			buildRules = (
			);
			dependencies = (
			);
			fileSystemSynchronizedGroups = (
				347F01432D0A2EA5001BD054 /* LokeRecipes */,
			);
			name = LokeRecipes;
			packageProductDependencies = (
			);
			productName = LokeRecipes;
			productReference = 347F01412D0A2EA5001BD054 /* LokeRecipes.app */;
			productType = "com.apple.product-type.application";
		};
		347F01502D0A2EA6001BD054 /* LokeRecipesTests */ = {
			isa = PBXNativeTarget;
			buildConfigurationList = 347F01682D0A2EA7001BD054 /* Build configuration list for PBXNativeTarget "LokeRecipesTests" */;
			buildPhases = (
				347F014D2D0A2EA6001BD054 /* Sources */,
				347F014E2D0A2EA6001BD054 /* Frameworks */,
				347F014F2D0A2EA6001BD054 /* Resources */,
			);
			buildRules = (
			);
			dependencies = (
				347F01532D0A2EA7001BD054 /* PBXTargetDependency */,
			);
			fileSystemSynchronizedGroups = (
				347F01542D0A2EA7001BD054 /* LokeRecipesTests */,
			);
			name = LokeRecipesTests;
			packageProductDependencies = (
			);
			productName = LokeRecipesTests;
			productReference = 347F01512D0A2EA6001BD054 /* LokeRecipesTests.xctest */;
			productType = "com.apple.product-type.bundle.unit-test";
		};
		347F015A2D0A2EA7001BD054 /* LokeRecipesUITests */ = {
			isa = PBXNativeTarget;
			buildConfigurationList = 347F016B2D0A2EA7001BD054 /* Build configuration list for PBXNativeTarget "LokeRecipesUITests" */;
			buildPhases = (
				347F01572D0A2EA7001BD054 /* Sources */,
				347F01582D0A2EA7001BD054 /* Frameworks */,
				347F01592D0A2EA7001BD054 /* Resources */,
			);
			buildRules = (
			);
			dependencies = (
				347F015D2D0A2EA7001BD054 /* PBXTargetDependency */,
			);
			fileSystemSynchronizedGroups = (
				347F015E2D0A2EA7001BD054 /* LokeRecipesUITests */,
			);
			name = LokeRecipesUITests;
			packageProductDependencies = (
			);
			productName = LokeRecipesUITests;
			productReference = 347F015B2D0A2EA7001BD054 /* LokeRecipesUITests.xctest */;
			productType = "com.apple.product-type.bundle.ui-testing";
		};
/* End PBXNativeTarget section */

/* Begin PBXProject section */
		347F01392D0A2EA5001BD054 /* Project object */ = {
			isa = PBXProject;
			attributes = {
				BuildIndependentTargetsInParallel = 1;
				LastSwiftUpdateCheck = 1610;
				LastUpgradeCheck = 1610;
				TargetAttributes = {
					347F01402D0A2EA5001BD054 = {
						CreatedOnToolsVersion = 16.1;
					};
					347F01502D0A2EA6001BD054 = {
						CreatedOnToolsVersion = 16.1;
						TestTargetID = 347F01402D0A2EA5001BD054;
					};
					347F015A2D0A2EA7001BD054 = {
						CreatedOnToolsVersion = 16.1;
						TestTargetID = 347F01402D0A2EA5001BD054;
					};
				};
			};
			buildConfigurationList = 347F013C2D0A2EA5001BD054 /* Build configuration list for PBXProject "LokeRecipes" */;
			developmentRegion = en;
			hasScannedForEncodings = 0;
			knownRegions = (
				en,
				Base,
			);
			mainGroup = 347F01382D0A2EA5001BD054;
			minimizedProjectReferenceProxies = 1;
			preferredProjectObjectVersion = 77;
			productRefGroup = 347F01422D0A2EA5001BD054 /* Products */;
			projectDirPath = "";
			projectRoot = "";
			targets = (
				347F01402D0A2EA5001BD054 /* LokeRecipes */,
				347F01502D0A2EA6001BD054 /* LokeRecipesTests */,
				347F015A2D0A2EA7001BD054 /* LokeRecipesUITests */,
			);
		};
/* End PBXProject section */

/* Begin PBXResourcesBuildPhase section */
		347F013F2D0A2EA5001BD054 /* Resources */ = {
			isa = PBXResourcesBuildPhase;
			buildActionMask = 2147483647;
			files = (
			);
			runOnlyForDeploymentPostprocessing = 0;
		};
		347F014F2D0A2EA6001BD054 /* Resources */ = {
			isa = PBXResourcesBuildPhase;
			buildActionMask = 2147483647;
			files = (
			);
			runOnlyForDeploymentPostprocessing = 0;
		};
		347F01592D0A2EA7001BD054 /* Resources */ = {
			isa = PBXResourcesBuildPhase;
			buildActionMask = 2147483647;
			files = (
			);
			runOnlyForDeploymentPostprocessing = 0;
		};
/* End PBXResourcesBuildPhase section */

/* Begin PBXSourcesBuildPhase section */
		347F013D2D0A2EA5001BD054 /* Sources */ = {
			isa = PBXSourcesBuildPhase;
			buildActionMask = 2147483647;
			files = (
			);
			runOnlyForDeploymentPostprocessing = 0;
		};
		347F014D2D0A2EA6001BD054 /* Sources */ = {
			isa = PBXSourcesBuildPhase;
			buildActionMask = 2147483647;
			files = (
			);
			runOnlyForDeploymentPostprocessing = 0;
		};
		347F01572D0A2EA7001BD054 /* Sources */ = {
			isa = PBXSourcesBuildPhase;
			buildActionMask = 2147483647;
			files = (
			);
			runOnlyForDeploymentPostprocessing = 0;
		};
/* End PBXSourcesBuildPhase section */

/* Begin PBXTargetDependency section */
		347F01532D0A2EA7001BD054 /* PBXTargetDependency */ = {
			isa = PBXTargetDependency;
			target = 347F01402D0A2EA5001BD054 /* LokeRecipes */;
			targetProxy = 347F01522D0A2EA7001BD054 /* PBXContainerItemProxy */;
		};
		347F015D2D0A2EA7001BD054 /* PBXTargetDependency */ = {
			isa = PBXTargetDependency;
			target = 347F01402D0A2EA5001BD054 /* LokeRecipes */;
			targetProxy = 347F015C2D0A2EA7001BD054 /* PBXContainerItemProxy */;
		};
/* End PBXTargetDependency section */

/* Begin XCBuildConfiguration section */
		347F01632D0A2EA7001BD054 /* Debug */ = {
			isa = XCBuildConfiguration;
			buildSettings = {
				ALWAYS_SEARCH_USER_PATHS = NO;
				ASSETCATALOG_COMPILER_GENERATE_SWIFT_ASSET_SYMBOL_EXTENSIONS = YES;
				CLANG_ANALYZER_NONNULL = YES;
				CLANG_ANALYZER_NUMBER_OBJECT_CONVERSION = YES_AGGRESSIVE;
				CLANG_CXX_LANGUAGE_STANDARD = "gnu++20";
				CLANG_ENABLE_MODULES = YES;
				CLANG_ENABLE_OBJC_ARC = YES;
				CLANG_ENABLE_OBJC_WEAK = YES;
				CLANG_WARN_BLOCK_CAPTURE_AUTORELEASING = YES;
				CLANG_WARN_BOOL_CONVERSION = YES;
				CLANG_WARN_COMMA = YES;
				CLANG_WARN_CONSTANT_CONVERSION = YES;
				CLANG_WARN_DEPRECATED_OBJC_IMPLEMENTATIONS = YES;
				CLANG_WARN_DIRECT_OBJC_ISA_USAGE = YES_ERROR;
				CLANG_WARN_DOCUMENTATION_COMMENTS = YES;
				CLANG_WARN_EMPTY_BODY = YES;
				CLANG_WARN_ENUM_CONVERSION = YES;
				CLANG_WARN_INFINITE_RECURSION = YES;
				CLANG_WARN_INT_CONVERSION = YES;
				CLANG_WARN_NON_LITERAL_NULL_CONVERSION = YES;
				CLANG_WARN_OBJC_IMPLICIT_RETAIN_SELF = YES;
				CLANG_WARN_OBJC_LITERAL_CONVERSION = YES;
				CLANG_WARN_OBJC_ROOT_CLASS = YES_ERROR;
				CLANG_WARN_QUOTED_INCLUDE_IN_FRAMEWORK_HEADER = YES;
				CLANG_WARN_RANGE_LOOP_ANALYSIS = YES;
				CLANG_WARN_STRICT_PROTOTYPES = YES;
				CLANG_WARN_SUSPICIOUS_MOVE = YES;
				CLANG_WARN_UNGUARDED_AVAILABILITY = YES_AGGRESSIVE;
				CLANG_WARN_UNREACHABLE_CODE = YES;
				CLANG_WARN__DUPLICATE_METHOD_MATCH = YES;
				COPY_PHASE_STRIP = NO;
				DEBUG_INFORMATION_FORMAT = dwarf;
				ENABLE_STRICT_OBJC_MSGSEND = YES;
				ENABLE_TESTABILITY = YES;
				ENABLE_USER_SCRIPT_SANDBOXING = YES;
				GCC_C_LANGUAGE_STANDARD = gnu17;
				GCC_DYNAMIC_NO_PIC = NO;
				GCC_NO_COMMON_BLOCKS = YES;
				GCC_OPTIMIZATION_LEVEL = 0;
				GCC_PREPROCESSOR_DEFINITIONS = (
					"DEBUG=1",
					"$(inherited)",
				);
				GCC_WARN_64_TO_32_BIT_CONVERSION = YES;
				GCC_WARN_ABOUT_RETURN_TYPE = YES_ERROR;
				GCC_WARN_UNDECLARED_SELECTOR = YES;
				GCC_WARN_UNINITIALIZED_AUTOS = YES_AGGRESSIVE;
				GCC_WARN_UNUSED_FUNCTION = YES;
				GCC_WARN_UNUSED_VARIABLE = YES;
				IPHONEOS_DEPLOYMENT_TARGET = 18.1;
				LOCALIZATION_PREFERS_STRING_CATALOGS = YES;
				MTL_ENABLE_DEBUG_INFO = INCLUDE_SOURCE;
				MTL_FAST_MATH = YES;
				ONLY_ACTIVE_ARCH = YES;
				SDKROOT = iphoneos;
				SWIFT_ACTIVE_COMPILATION_CONDITIONS = "DEBUG $(inherited)";
				SWIFT_OPTIMIZATION_LEVEL = "-Onone";
			};
			name = Debug;
		};
		347F01642D0A2EA7001BD054 /* Release */ = {
			isa = XCBuildConfiguration;
			buildSettings = {
				ALWAYS_SEARCH_USER_PATHS = NO;
				ASSETCATALOG_COMPILER_GENERATE_SWIFT_ASSET_SYMBOL_EXTENSIONS = YES;
				CLANG_ANALYZER_NONNULL = YES;
				CLANG_ANALYZER_NUMBER_OBJECT_CONVERSION = YES_AGGRESSIVE;
				CLANG_CXX_LANGUAGE_STANDARD = "gnu++20";
				CLANG_ENABLE_MODULES = YES;
				CLANG_ENABLE_OBJC_ARC = YES;
				CLANG_ENABLE_OBJC_WEAK = YES;
				CLANG_WARN_BLOCK_CAPTURE_AUTORELEASING = YES;
				CLANG_WARN_BOOL_CONVERSION = YES;
				CLANG_WARN_COMMA = YES;
				CLANG_WARN_CONSTANT_CONVERSION = YES;
				CLANG_WARN_DEPRECATED_OBJC_IMPLEMENTATIONS = YES;
				CLANG_WARN_DIRECT_OBJC_ISA_USAGE = YES_ERROR;
				CLANG_WARN_DOCUMENTATION_COMMENTS = YES;
				CLANG_WARN_EMPTY_BODY = YES;
				CLANG_WARN_ENUM_CONVERSION = YES;
				CLANG_WARN_INFINITE_RECURSION = YES;
				CLANG_WARN_INT_CONVERSION = YES;
				CLANG_WARN_NON_LITERAL_NULL_CONVERSION = YES;
				CLANG_WARN_OBJC_IMPLICIT_RETAIN_SELF = YES;
				CLANG_WARN_OBJC_LITERAL_CONVERSION = YES;
				CLANG_WARN_OBJC_ROOT_CLASS = YES_ERROR;
				CLANG_WARN_QUOTED_INCLUDE_IN_FRAMEWORK_HEADER = YES;
				CLANG_WARN_RANGE_LOOP_ANALYSIS = YES;
				CLANG_WARN_STRICT_PROTOTYPES = YES;
				CLANG_WARN_SUSPICIOUS_MOVE = YES;
				CLANG_WARN_UNGUARDED_AVAILABILITY = YES_AGGRESSIVE;
				CLANG_WARN_UNREACHABLE_CODE = YES;
				CLANG_WARN__DUPLICATE_METHOD_MATCH = YES;
				COPY_PHASE_STRIP = NO;
				DEBUG_INFORMATION_FORMAT = "dwarf-with-dsym";
				ENABLE_NS_ASSERTIONS = NO;
				ENABLE_STRICT_OBJC_MSGSEND = YES;
				ENABLE_USER_SCRIPT_SANDBOXING = YES;
				GCC_C_LANGUAGE_STANDARD = gnu17;
				GCC_NO_COMMON_BLOCKS = YES;
				GCC_WARN_64_TO_32_BIT_CONVERSION = YES;
				GCC_WARN_ABOUT_RETURN_TYPE = YES_ERROR;
				GCC_WARN_UNDECLARED_SELECTOR = YES;
				GCC_WARN_UNINITIALIZED_AUTOS = YES_AGGRESSIVE;
				GCC_WARN_UNUSED_FUNCTION = YES;
				GCC_WARN_UNUSED_VARIABLE = YES;
				IPHONEOS_DEPLOYMENT_TARGET = 18.1;
				LOCALIZATION_PREFERS_STRING_CATALOGS = YES;
				MTL_ENABLE_DEBUG_INFO = NO;
				MTL_FAST_MATH = YES;
				SDKROOT = iphoneos;
				SWIFT_COMPILATION_MODE = wholemodule;
				VALIDATE_PRODUCT = YES;
			};
			name = Release;
		};
		347F01662D0A2EA7001BD054 /* Debug */ = {
			isa = XCBuildConfiguration;
			buildSettings = {
				ASSETCATALOG_COMPILER_APPICON_NAME = AppIcon;
				ASSETCATALOG_COMPILER_GLOBAL_ACCENT_COLOR_NAME = AccentColor;
				CODE_SIGN_STYLE = Automatic;
				CURRENT_PROJECT_VERSION = 1;
				DEVELOPMENT_ASSET_PATHS = "\"LokeRecipes/Preview Content\"";
				ENABLE_PREVIEWS = YES;
				GENERATE_INFOPLIST_FILE = YES;
				INFOPLIST_KEY_UIApplicationSceneManifest_Generation = YES;
				INFOPLIST_KEY_UIApplicationSupportsIndirectInputEvents = YES;
				INFOPLIST_KEY_UILaunchScreen_Generation = YES;
				INFOPLIST_KEY_UISupportedInterfaceOrientations_iPad = "UIInterfaceOrientationPortrait UIInterfaceOrientationPortraitUpsideDown UIInterfaceOrientationLandscapeLeft UIInterfaceOrientationLandscapeRight";
				INFOPLIST_KEY_UISupportedInterfaceOrientations_iPhone = "UIInterfaceOrientationPortrait UIInterfaceOrientationLandscapeLeft UIInterfaceOrientationLandscapeRight";
				LD_RUNPATH_SEARCH_PATHS = (
					"$(inherited)",
					"@executable_path/Frameworks",
				);
				MARKETING_VERSION = 1.0;
				PRODUCT_BUNDLE_IDENTIFIER = com.stephaniet.LokeRecipes;
				PRODUCT_NAME = "$(TARGET_NAME)";
				SWIFT_EMIT_LOC_STRINGS = YES;
				SWIFT_VERSION = 5.0;
				TARGETED_DEVICE_FAMILY = "1,2";
			};
			name = Debug;
		};
		347F01672D0A2EA7001BD054 /* Release */ = {
			isa = XCBuildConfiguration;
			buildSettings = {
				ASSETCATALOG_COMPILER_APPICON_NAME = AppIcon;
				ASSETCATALOG_COMPILER_GLOBAL_ACCENT_COLOR_NAME = AccentColor;
				CODE_SIGN_STYLE = Automatic;
				CURRENT_PROJECT_VERSION = 1;
				DEVELOPMENT_ASSET_PATHS = "\"LokeRecipes/Preview Content\"";
				ENABLE_PREVIEWS = YES;
				GENERATE_INFOPLIST_FILE = YES;
				INFOPLIST_KEY_UIApplicationSceneManifest_Generation = YES;
				INFOPLIST_KEY_UIApplicationSupportsIndirectInputEvents = YES;
				INFOPLIST_KEY_UILaunchScreen_Generation = YES;
				INFOPLIST_KEY_UISupportedInterfaceOrientations_iPad = "UIInterfaceOrientationPortrait UIInterfaceOrientationPortraitUpsideDown UIInterfaceOrientationLandscapeLeft UIInterfaceOrientationLandscapeRight";
				INFOPLIST_KEY_UISupportedInterfaceOrientations_iPhone = "UIInterfaceOrientationPortrait UIInterfaceOrientationLandscapeLeft UIInterfaceOrientationLandscapeRight";
				LD_RUNPATH_SEARCH_PATHS = (
					"$(inherited)",
					"@executable_path/Frameworks",
				);
				MARKETING_VERSION = 1.0;
				PRODUCT_BUNDLE_IDENTIFIER = com.stephaniet.LokeRecipes;
				PRODUCT_NAME = "$(TARGET_NAME)";
				SWIFT_EMIT_LOC_STRINGS = YES;
				SWIFT_VERSION = 5.0;
				TARGETED_DEVICE_FAMILY = "1,2";
			};
			name = Release;
		};
		347F01692D0A2EA7001BD054 /* Debug */ = {
			isa = XCBuildConfiguration;
			buildSettings = {
				BUNDLE_LOADER = "$(TEST_HOST)";
				CODE_SIGN_STYLE = Automatic;
				CURRENT_PROJECT_VERSION = 1;
				GENERATE_INFOPLIST_FILE = YES;
				IPHONEOS_DEPLOYMENT_TARGET = 18.1;
				MARKETING_VERSION = 1.0;
				PRODUCT_BUNDLE_IDENTIFIER = com.stephaniet.LokeRecipesTests;
				PRODUCT_NAME = "$(TARGET_NAME)";
				SWIFT_EMIT_LOC_STRINGS = NO;
				SWIFT_VERSION = 5.0;
				TARGETED_DEVICE_FAMILY = "1,2";
				TEST_HOST = "$(BUILT_PRODUCTS_DIR)/LokeRecipes.app/$(BUNDLE_EXECUTABLE_FOLDER_PATH)/LokeRecipes";
			};
			name = Debug;
		};
		347F016A2D0A2EA7001BD054 /* Release */ = {
			isa = XCBuildConfiguration;
			buildSettings = {
				BUNDLE_LOADER = "$(TEST_HOST)";
				CODE_SIGN_STYLE = Automatic;
				CURRENT_PROJECT_VERSION = 1;
				GENERATE_INFOPLIST_FILE = YES;
				IPHONEOS_DEPLOYMENT_TARGET = 18.1;
				MARKETING_VERSION = 1.0;
				PRODUCT_BUNDLE_IDENTIFIER = com.stephaniet.LokeRecipesTests;
				PRODUCT_NAME = "$(TARGET_NAME)";
				SWIFT_EMIT_LOC_STRINGS = NO;
				SWIFT_VERSION = 5.0;
				TARGETED_DEVICE_FAMILY = "1,2";
				TEST_HOST = "$(BUILT_PRODUCTS_DIR)/LokeRecipes.app/$(BUNDLE_EXECUTABLE_FOLDER_PATH)/LokeRecipes";
			};
			name = Release;
		};
		347F016C2D0A2EA7001BD054 /* Debug */ = {
			isa = XCBuildConfiguration;
			buildSettings = {
				CODE_SIGN_STYLE = Automatic;
				CURRENT_PROJECT_VERSION = 1;
				GENERATE_INFOPLIST_FILE = YES;
				MARKETING_VERSION = 1.0;
				PRODUCT_BUNDLE_IDENTIFIER = com.stephaniet.LokeRecipesUITests;
				PRODUCT_NAME = "$(TARGET_NAME)";
				SWIFT_EMIT_LOC_STRINGS = NO;
				SWIFT_VERSION = 5.0;
				TARGETED_DEVICE_FAMILY = "1,2";
				TEST_TARGET_NAME = LokeRecipes;
			};
			name = Debug;
		};
		347F016D2D0A2EA7001BD054 /* Release */ = {
			isa = XCBuildConfiguration;
			buildSettings = {
				CODE_SIGN_STYLE = Automatic;
				CURRENT_PROJECT_VERSION = 1;
				GENERATE_INFOPLIST_FILE = YES;
				MARKETING_VERSION = 1.0;
				PRODUCT_BUNDLE_IDENTIFIER = com.stephaniet.LokeRecipesUITests;
				PRODUCT_NAME = "$(TARGET_NAME)";
				SWIFT_EMIT_LOC_STRINGS = NO;
				SWIFT_VERSION = 5.0;
				TARGETED_DEVICE_FAMILY = "1,2";
				TEST_TARGET_NAME = LokeRecipes;
			};
			name = Release;
		};
/* End XCBuildConfiguration section */

/* Begin XCConfigurationList section */
		347F013C2D0A2EA5001BD054 /* Build configuration list for PBXProject "LokeRecipes" */ = {
			isa = XCConfigurationList;
			buildConfigurations = (
				347F01632D0A2EA7001BD054 /* Debug */,
				347F01642D0A2EA7001BD054 /* Release */,
			);
			defaultConfigurationIsVisible = 0;
			defaultConfigurationName = Release;
		};
		347F01652D0A2EA7001BD054 /* Build configuration list for PBXNativeTarget "LokeRecipes" */ = {
			isa = XCConfigurationList;
			buildConfigurations = (
				347F01662D0A2EA7001BD054 /* Debug */,
				347F01672D0A2EA7001BD054 /* Release */,
			);
			defaultConfigurationIsVisible = 0;
			defaultConfigurationName = Release;
		};
		347F01682D0A2EA7001BD054 /* Build configuration list for PBXNativeTarget "LokeRecipesTests" */ = {
			isa = XCConfigurationList;
			buildConfigurations = (
				347F01692D0A2EA7001BD054 /* Debug */,
				347F016A2D0A2EA7001BD054 /* Release */,
			);
			defaultConfigurationIsVisible = 0;
			defaultConfigurationName = Release;
		};
		347F016B2D0A2EA7001BD054 /* Build configuration list for PBXNativeTarget "LokeRecipesUITests" */ = {
			isa = XCConfigurationList;
			buildConfigurations = (
				347F016C2D0A2EA7001BD054 /* Debug */,
				347F016D2D0A2EA7001BD054 /* Release */,
			);
			defaultConfigurationIsVisible = 0;
			defaultConfigurationName = Release;
		};
/* End XCConfigurationList section */
	};
	rootObject = 347F01392D0A2EA5001BD054 /* Project object */;
}
